
Microsoft Visual Studio Solution File, Format Version 12.00
# Visual Studio Version 17
VisualStudioVersion = 17.8.34511.84
MinimumVisualStudioVersion = 10.0.40219.1
Project("{FAE04EC0-301F-11D3-BF4B-00C04F79EFBC}") = "VoTrungDuong_2180604816", "VoTrungDuong_2180604816\VoTrungDuong_2180604816.csproj", "{A513F399-6608-433D-B9A6-71F4AABA4A56}"
EndProject
Global
	GlobalSection(SolutionConfigurationPlatforms) = preSolution
		Debug|Any CPU = Debug|Any CPU
		Release|Any CPU = Release|Any CPU
	EndGlobalSection
	GlobalSection(ProjectConfigurationPlatforms) = postSolution
		{A513F399-6608-433D-B9A6-71F4AABA4A56}.Debug|Any CPU.ActiveCfg = Debug|Any CPU
		{A513F399-6608-433D-B9A6-71F4AABA4A56}.Debug|Any CPU.Build.0 = Debug|Any CPU
		{A513F399-6608-433D-B9A6-71F4AABA4A56}.Release|Any CPU.ActiveCfg = Release|Any CPU
		{A513F399-6608-433D-B9A6-71F4AABA4A56}.Release|Any CPU.Build.0 = Release|Any CPU
	EndGlobalSection
	GlobalSection(SolutionProperties) = preSolution
		HideSolutionNode = FALSE
	EndGlobalSection
	GlobalSection(ExtensibilityGlobals) = postSolution
		SolutionGuid = {4ECE6C95-1898-4964-8490-2B0CE60E2E6F}
	EndGlobalSection
EndGlobal
